// !$*UTF8*$!
{
	archiveVersion = 1;
	classes = {
	};
	objectVersion = 46;
	objects = {

/* Begin PBXBuildFile section */
		3FCA2F9A20AA0CA100C5E2A0 /* AppDelegate.swift in Sources */ = {isa = PBXBuildFile; fileRef = 3FCA2F9920AA0CA100C5E2A0 /* AppDelegate.swift */; };
		3FCA2F9C20AA0CA100C5E2A0 /* ViewController.swift in Sources */ = {isa = PBXBuildFile; fileRef = 3FCA2F9B20AA0CA100C5E2A0 /* ViewController.swift */; };
		3FCA2F9F20AA0CA100C5E2A0 /* Main.storyboard in Resources */ = {isa = PBXBuildFile; fileRef = 3FCA2F9D20AA0CA100C5E2A0 /* Main.storyboard */; };
		3FCA2FA220AA0CA100C5E2A0 /* GoA_Interview.xcdatamodeld in Sources */ = {isa = PBXBuildFile; fileRef = 3FCA2FA020AA0CA100C5E2A0 /* GoA_Interview.xcdatamodeld */; };
		3FCA2FA420AA0CA100C5E2A0 /* Assets.xcassets in Resources */ = {isa = PBXBuildFile; fileRef = 3FCA2FA320AA0CA100C5E2A0 /* Assets.xcassets */; };
		3FCA2FA720AA0CA100C5E2A0 /* LaunchScreen.storyboard in Resources */ = {isa = PBXBuildFile; fileRef = 3FCA2FA520AA0CA100C5E2A0 /* LaunchScreen.storyboard */; };
		3FCA2FB220AA0CA100C5E2A0 /* GoA_InterviewTests.swift in Sources */ = {isa = PBXBuildFile; fileRef = 3FCA2FB120AA0CA100C5E2A0 /* GoA_InterviewTests.swift */; };
		3FCA2FBD20AA0CA100C5E2A0 /* GoA_InterviewUITests.swift in Sources */ = {isa = PBXBuildFile; fileRef = 3FCA2FBC20AA0CA100C5E2A0 /* GoA_InterviewUITests.swift */; };
/* End PBXBuildFile section */

/* Begin PBXContainerItemProxy section */
		3FCA2FAE20AA0CA100C5E2A0 /* PBXContainerItemProxy */ = {
			isa = PBXContainerItemProxy;
			containerPortal = 3FCA2F8E20AA0CA100C5E2A0 /* Project object */;
			proxyType = 1;
			remoteGlobalIDString = 3FCA2F9520AA0CA100C5E2A0;
			remoteInfo = GoA_Interview;
		};
		3FCA2FB920AA0CA100C5E2A0 /* PBXContainerItemProxy */ = {
			isa = PBXContainerItemProxy;
			containerPortal = 3FCA2F8E20AA0CA100C5E2A0 /* Project object */;
			proxyType = 1;
			remoteGlobalIDString = 3FCA2F9520AA0CA100C5E2A0;
			remoteInfo = GoA_Interview;
		};
/* End PBXContainerItemProxy section */

/* Begin PBXFileReference section */
		3FCA2F9620AA0CA100C5E2A0 /* GoA_Interview.app */ = {isa = PBXFileReference; explicitFileType = wrapper.application; includeInIndex = 0; path = GoA_Interview.app; sourceTree = BUILT_PRODUCTS_DIR; };
		3FCA2F9920AA0CA100C5E2A0 /* AppDelegate.swift */ = {isa = PBXFileReference; lastKnownFileType = sourcecode.swift; path = AppDelegate.swift; sourceTree = "<group>"; };
		3FCA2F9B20AA0CA100C5E2A0 /* ViewController.swift */ = {isa = PBXFileReference; lastKnownFileType = sourcecode.swift; path = ViewController.swift; sourceTree = "<group>"; };
		3FCA2F9E20AA0CA100C5E2A0 /* Base */ = {isa = PBXFileReference; lastKnownFileType = file.storyboard; name = Base; path = Base.lproj/Main.storyboard; sourceTree = "<group>"; };
		3FCA2FA120AA0CA100C5E2A0 /* GoA_Interview.xcdatamodel */ = {isa = PBXFileReference; lastKnownFileType = wrapper.xcdatamodel; path = GoA_Interview.xcdatamodel; sourceTree = "<group>"; };
		3FCA2FA320AA0CA100C5E2A0 /* Assets.xcassets */ = {isa = PBXFileReference; lastKnownFileType = folder.assetcatalog; path = Assets.xcassets; sourceTree = "<group>"; };
		3FCA2FA620AA0CA100C5E2A0 /* Base */ = {isa = PBXFileReference; lastKnownFileType = file.storyboard; name = Base; path = Base.lproj/LaunchScreen.storyboard; sourceTree = "<group>"; };
		3FCA2FA820AA0CA100C5E2A0 /* Info.plist */ = {isa = PBXFileReference; lastKnownFileType = text.plist.xml; path = Info.plist; sourceTree = "<group>"; };
		3FCA2FAD20AA0CA100C5E2A0 /* GoA_InterviewTests.xctest */ = {isa = PBXFileReference; explicitFileType = wrapper.cfbundle; includeInIndex = 0; path = GoA_InterviewTests.xctest; sourceTree = BUILT_PRODUCTS_DIR; };
		3FCA2FB120AA0CA100C5E2A0 /* GoA_InterviewTests.swift */ = {isa = PBXFileReference; lastKnownFileType = sourcecode.swift; path = GoA_InterviewTests.swift; sourceTree = "<group>"; };
		3FCA2FB320AA0CA100C5E2A0 /* Info.plist */ = {isa = PBXFileReference; lastKnownFileType = text.plist.xml; path = Info.plist; sourceTree = "<group>"; };
		3FCA2FB820AA0CA100C5E2A0 /* GoA_InterviewUITests.xctest */ = {isa = PBXFileReference; explicitFileType = wrapper.cfbundle; includeInIndex = 0; path = GoA_InterviewUITests.xctest; sourceTree = BUILT_PRODUCTS_DIR; };
		3FCA2FBC20AA0CA100C5E2A0 /* GoA_InterviewUITests.swift */ = {isa = PBXFileReference; lastKnownFileType = sourcecode.swift; path = GoA_InterviewUITests.swift; sourceTree = "<group>"; };
		3FCA2FBE20AA0CA100C5E2A0 /* Info.plist */ = {isa = PBXFileReference; lastKnownFileType = text.plist.xml; path = Info.plist; sourceTree = "<group>"; };
/* End PBXFileReference section */

/* Begin PBXFrameworksBuildPhase section */
		3FCA2F9320AA0CA100C5E2A0 /* Frameworks */ = {
			isa = PBXFrameworksBuildPhase;
			buildActionMask = 2147483647;
			files = (
			);
			runOnlyForDeploymentPostprocessing = 0;
		};
		3FCA2FAA20AA0CA100C5E2A0 /* Frameworks */ = {
			isa = PBXFrameworksBuildPhase;
			buildActionMask = 2147483647;
			files = (
			);
			runOnlyForDeploymentPostprocessing = 0;
		};
		3FCA2FB520AA0CA100C5E2A0 /* Frameworks */ = {
			isa = PBXFrameworksBuildPhase;
			buildActionMask = 2147483647;
			files = (
			);
			runOnlyForDeploymentPostprocessing = 0;
		};
/* End PBXFrameworksBuildPhase section */

/* Begin PBXGroup section */
		3FCA2F8D20AA0CA100C5E2A0 = {
			isa = PBXGroup;
			children = (
				3FCA2F9820AA0CA100C5E2A0 /* GoA_Interview */,
				3FCA2FB020AA0CA100C5E2A0 /* GoA_InterviewTests */,
				3FCA2FBB20AA0CA100C5E2A0 /* GoA_InterviewUITests */,
				3FCA2F9720AA0CA100C5E2A0 /* Products */,
			);
			sourceTree = "<group>";
		};
		3FCA2F9720AA0CA100C5E2A0 /* Products */ = {
			isa = PBXGroup;
			children = (
				3FCA2F9620AA0CA100C5E2A0 /* GoA_Interview.app */,
				3FCA2FAD20AA0CA100C5E2A0 /* GoA_InterviewTests.xctest */,
				3FCA2FB820AA0CA100C5E2A0 /* GoA_InterviewUITests.xctest */,
			);
			name = Products;
			sourceTree = "<group>";
		};
		3FCA2F9820AA0CA100C5E2A0 /* GoA_Interview */ = {
			isa = PBXGroup;
			children = (
				3FCA2F9920AA0CA100C5E2A0 /* AppDelegate.swift */,
				3FCA2F9B20AA0CA100C5E2A0 /* ViewController.swift */,
				3FCA2F9D20AA0CA100C5E2A0 /* Main.storyboard */,
				3FCA2FA320AA0CA100C5E2A0 /* Assets.xcassets */,
				3FCA2FA520AA0CA100C5E2A0 /* LaunchScreen.storyboard */,
				3FCA2FA820AA0CA100C5E2A0 /* Info.plist */,
				3FCA2FA020AA0CA100C5E2A0 /* GoA_Interview.xcdatamodeld */,
			);
			path = GoA_Interview;
			sourceTree = "<group>";
		};
		3FCA2FB020AA0CA100C5E2A0 /* GoA_InterviewTests */ = {
			isa = PBXGroup;
			children = (
				3FCA2FB120AA0CA100C5E2A0 /* GoA_InterviewTests.swift */,
				3FCA2FB320AA0CA100C5E2A0 /* Info.plist */,
			);
			path = GoA_InterviewTests;
			sourceTree = "<group>";
		};
		3FCA2FBB20AA0CA100C5E2A0 /* GoA_InterviewUITests */ = {
			isa = PBXGroup;
			children = (
				3FCA2FBC20AA0CA100C5E2A0 /* GoA_InterviewUITests.swift */,
				3FCA2FBE20AA0CA100C5E2A0 /* Info.plist */,
			);
			path = GoA_InterviewUITests;
			sourceTree = "<group>";
		};
/* End PBXGroup section */

/* Begin PBXNativeTarget section */
		3FCA2F9520AA0CA100C5E2A0 /* GoA_Interview */ = {
			isa = PBXNativeTarget;
			buildConfigurationList = 3FCA2FC120AA0CA100C5E2A0 /* Build configuration list for PBXNativeTarget "GoA_Interview" */;
			buildPhases = (
				3FCA2F9220AA0CA100C5E2A0 /* Sources */,
				3FCA2F9320AA0CA100C5E2A0 /* Frameworks */,
				3FCA2F9420AA0CA100C5E2A0 /* Resources */,
			);
			buildRules = (
			);
			dependencies = (
			);
			name = GoA_Interview;
			productName = GoA_Interview;
			productReference = 3FCA2F9620AA0CA100C5E2A0 /* GoA_Interview.app */;
			productType = "com.apple.product-type.application";
		};
		3FCA2FAC20AA0CA100C5E2A0 /* GoA_InterviewTests */ = {
			isa = PBXNativeTarget;
			buildConfigurationList = 3FCA2FC420AA0CA100C5E2A0 /* Build configuration list for PBXNativeTarget "GoA_InterviewTests" */;
			buildPhases = (
				3FCA2FA920AA0CA100C5E2A0 /* Sources */,
				3FCA2FAA20AA0CA100C5E2A0 /* Frameworks */,
				3FCA2FAB20AA0CA100C5E2A0 /* Resources */,
			);
			buildRules = (
			);
			dependencies = (
				3FCA2FAF20AA0CA100C5E2A0 /* PBXTargetDependency */,
			);
			name = GoA_InterviewTests;
			productName = GoA_InterviewTests;
			productReference = 3FCA2FAD20AA0CA100C5E2A0 /* GoA_InterviewTests.xctest */;
			productType = "com.apple.product-type.bundle.unit-test";
		};
		3FCA2FB720AA0CA100C5E2A0 /* GoA_InterviewUITests */ = {
			isa = PBXNativeTarget;
			buildConfigurationList = 3FCA2FC720AA0CA100C5E2A0 /* Build configuration list for PBXNativeTarget "GoA_InterviewUITests" */;
			buildPhases = (
				3FCA2FB420AA0CA100C5E2A0 /* Sources */,
				3FCA2FB520AA0CA100C5E2A0 /* Frameworks */,
				3FCA2FB620AA0CA100C5E2A0 /* Resources */,
			);
			buildRules = (
			);
			dependencies = (
				3FCA2FBA20AA0CA100C5E2A0 /* PBXTargetDependency */,
			);
			name = GoA_InterviewUITests;
			productName = GoA_InterviewUITests;
			productReference = 3FCA2FB820AA0CA100C5E2A0 /* GoA_InterviewUITests.xctest */;
			productType = "com.apple.product-type.bundle.ui-testing";
		};
/* End PBXNativeTarget section */

/* Begin PBXProject section */
		3FCA2F8E20AA0CA100C5E2A0 /* Project object */ = {
			isa = PBXProject;
			attributes = {
				LastSwiftUpdateCheck = 0830;
				LastUpgradeCheck = 0830;
				ORGANIZATIONNAME = Bronwen;
				TargetAttributes = {
					3FCA2F9520AA0CA100C5E2A0 = {
						CreatedOnToolsVersion = 8.3.3;
						ProvisioningStyle = Automatic;
					};
					3FCA2FAC20AA0CA100C5E2A0 = {
						CreatedOnToolsVersion = 8.3.3;
						ProvisioningStyle = Automatic;
						TestTargetID = 3FCA2F9520AA0CA100C5E2A0;
					};
					3FCA2FB720AA0CA100C5E2A0 = {
						CreatedOnToolsVersion = 8.3.3;
						ProvisioningStyle = Automatic;
						TestTargetID = 3FCA2F9520AA0CA100C5E2A0;
					};
				};
			};
			buildConfigurationList = 3FCA2F9120AA0CA100C5E2A0 /* Build configuration list for PBXProject "GoA_Interview" */;
			compatibilityVersion = "Xcode 3.2";
			developmentRegion = English;
			hasScannedForEncodings = 0;
			knownRegions = (
				en,
				Base,
			);
			mainGroup = 3FCA2F8D20AA0CA100C5E2A0;
			productRefGroup = 3FCA2F9720AA0CA100C5E2A0 /* Products */;
			projectDirPath = "";
			projectRoot = "";
			targets = (
				3FCA2F9520AA0CA100C5E2A0 /* GoA_Interview */,
				3FCA2FAC20AA0CA100C5E2A0 /* GoA_InterviewTests */,
				3FCA2FB720AA0CA100C5E2A0 /* GoA_InterviewUITests */,
			);
		};
/* End PBXProject section */

/* Begin PBXResourcesBuildPhase section */
		3FCA2F9420AA0CA100C5E2A0 /* Resources */ = {
			isa = PBXResourcesBuildPhase;
			buildActionMask = 2147483647;
			files = (
				3FCA2FA720AA0CA100C5E2A0 /* LaunchScreen.storyboard in Resources */,
				3FCA2FA420AA0CA100C5E2A0 /* Assets.xcassets in Resources */,
				3FCA2F9F20AA0CA100C5E2A0 /* Main.storyboard in Resources */,
			);
			runOnlyForDeploymentPostprocessing = 0;
		};
		3FCA2FAB20AA0CA100C5E2A0 /* Resources */ = {
			isa = PBXResourcesBuildPhase;
			buildActionMask = 2147483647;
			files = (
			);
			runOnlyForDeploymentPostprocessing = 0;
		};
		3FCA2FB620AA0CA100C5E2A0 /* Resources */ = {
			isa = PBXResourcesBuildPhase;
			buildActionMask = 2147483647;
			files = (
			);
			runOnlyForDeploymentPostprocessing = 0;
		};
/* End PBXResourcesBuildPhase section */

/* Begin PBXSourcesBuildPhase section */
		3FCA2F9220AA0CA100C5E2A0 /* Sources */ = {
			isa = PBXSourcesBuildPhase;
			buildActionMask = 2147483647;
			files = (
				3FCA2F9C20AA0CA100C5E2A0 /* ViewController.swift in Sources */,
				3FCA2F9A20AA0CA100C5E2A0 /* AppDelegate.swift in Sources */,
				3FCA2FA220AA0CA100C5E2A0 /* GoA_Interview.xcdatamodeld in Sources */,
			);
			runOnlyForDeploymentPostprocessing = 0;
		};
		3FCA2FA920AA0CA100C5E2A0 /* Sources */ = {
			isa = PBXSourcesBuildPhase;
			buildActionMask = 2147483647;
			files = (
				3FCA2FB220AA0CA100C5E2A0 /* GoA_InterviewTests.swift in Sources */,
			);
			runOnlyForDeploymentPostprocessing = 0;
		};
		3FCA2FB420AA0CA100C5E2A0 /* Sources */ = {
			isa = PBXSourcesBuildPhase;
			buildActionMask = 2147483647;
			files = (
				3FCA2FBD20AA0CA100C5E2A0 /* GoA_InterviewUITests.swift in Sources */,
			);
			runOnlyForDeploymentPostprocessing = 0;
		};
/* End PBXSourcesBuildPhase section */

/* Begin PBXTargetDependency section */
		3FCA2FAF20AA0CA100C5E2A0 /* PBXTargetDependency */ = {
			isa = PBXTargetDependency;
			target = 3FCA2F9520AA0CA100C5E2A0 /* GoA_Interview */;
			targetProxy = 3FCA2FAE20AA0CA100C5E2A0 /* PBXContainerItemProxy */;
		};
		3FCA2FBA20AA0CA100C5E2A0 /* PBXTargetDependency */ = {
			isa = PBXTargetDependency;
			target = 3FCA2F9520AA0CA100C5E2A0 /* GoA_Interview */;
			targetProxy = 3FCA2FB920AA0CA100C5E2A0 /* PBXContainerItemProxy */;
		};
/* End PBXTargetDependency section */

/* Begin PBXVariantGroup section */
		3FCA2F9D20AA0CA100C5E2A0 /* Main.storyboard */ = {
			isa = PBXVariantGroup;
			children = (
				3FCA2F9E20AA0CA100C5E2A0 /* Base */,
			);
			name = Main.storyboard;
			sourceTree = "<group>";
		};
		3FCA2FA520AA0CA100C5E2A0 /* LaunchScreen.storyboard */ = {
			isa = PBXVariantGroup;
			children = (
				3FCA2FA620AA0CA100C5E2A0 /* Base */,
			);
			name = LaunchScreen.storyboard;
			sourceTree = "<group>";
		};
/* End PBXVariantGroup section */

/* Begin XCBuildConfiguration section */
		3FCA2FBF20AA0CA100C5E2A0 /* Debug */ = {
			isa = XCBuildConfiguration;
			buildSettings = {
				ALWAYS_SEARCH_USER_PATHS = NO;
				CLANG_ANALYZER_NONNULL = YES;
				CLANG_ANALYZER_NUMBER_OBJECT_CONVERSION = YES_AGGRESSIVE;
				CLANG_CXX_LANGUAGE_STANDARD = "gnu++0x";
				CLANG_CXX_LIBRARY = "libc++";
				CLANG_ENABLE_MODULES = YES;
				CLANG_ENABLE_OBJC_ARC = YES;
				CLANG_WARN_BOOL_CONVERSION = YES;
				CLANG_WARN_CONSTANT_CONVERSION = YES;
				CLANG_WARN_DIRECT_OBJC_ISA_USAGE = YES_ERROR;
				CLANG_WARN_DOCUMENTATION_COMMENTS = YES;
				CLANG_WARN_EMPTY_BODY = YES;
				CLANG_WARN_ENUM_CONVERSION = YES;
				CLANG_WARN_INFINITE_RECURSION = YES;
				CLANG_WARN_INT_CONVERSION = YES;
				CLANG_WARN_OBJC_ROOT_CLASS = YES_ERROR;
				CLANG_WARN_SUSPICIOUS_MOVE = YES;
				CLANG_WARN_UNREACHABLE_CODE = YES;
				CLANG_WARN__DUPLICATE_METHOD_MATCH = YES;
				"CODE_SIGN_IDENTITY[sdk=iphoneos*]" = "iPhone Developer";
				COPY_PHASE_STRIP = NO;
				DEBUG_INFORMATION_FORMAT = dwarf;
				ENABLE_STRICT_OBJC_MSGSEND = YES;
				ENABLE_TESTABILITY = YES;
				GCC_C_LANGUAGE_STANDARD = gnu99;
				GCC_DYNAMIC_NO_PIC = NO;
				GCC_NO_COMMON_BLOCKS = YES;
				GCC_OPTIMIZATION_LEVEL = 0;
				GCC_PREPROCESSOR_DEFINITIONS = (
					"DEBUG=1",
					"$(inherited)",
				);
				GCC_WARN_64_TO_32_BIT_CONVERSION = YES;
				GCC_WARN_ABOUT_RETURN_TYPE = YES_ERROR;
				GCC_WARN_UNDECLARED_SELECTOR = YES;
				GCC_WARN_UNINITIALIZED_AUTOS = YES_AGGRESSIVE;
				GCC_WARN_UNUSED_FUNCTION = YES;
				GCC_WARN_UNUSED_VARIABLE = YES;
				IPHONEOS_DEPLOYMENT_TARGET = 10.3;
				MTL_ENABLE_DEBUG_INFO = YES;
				ONLY_ACTIVE_ARCH = YES;
				SDKROOT = iphoneos;
				SWIFT_ACTIVE_COMPILATION_CONDITIONS = DEBUG;
				SWIFT_OPTIMIZATION_LEVEL = "-Onone";
				TARGETED_DEVICE_FAMILY = "1,2";
			};
			name = Debug;
		};
		3FCA2FC020AA0CA100C5E2A0 /* Release */ = {
			isa = XCBuildConfiguration;
			buildSettings = {
				ALWAYS_SEARCH_USER_PATHS = NO;
				CLANG_ANALYZER_NONNULL = YES;
				CLANG_ANALYZER_NUMBER_OBJECT_CONVERSION = YES_AGGRESSIVE;
				CLANG_CXX_LANGUAGE_STANDARD = "gnu++0x";
				CLANG_CXX_LIBRARY = "libc++";
				CLANG_ENABLE_MODULES = YES;
				CLANG_ENABLE_OBJC_ARC = YES;
				CLANG_WARN_BOOL_CONVERSION = YES;
				CLANG_WARN_CONSTANT_CONVERSION = YES;
				CLANG_WARN_DIRECT_OBJC_ISA_USAGE = YES_ERROR;
				CLANG_WARN_DOCUMENTATION_COMMENTS = YES;
				CLANG_WARN_EMPTY_BODY = YES;
				CLANG_WARN_ENUM_CONVERSION = YES;
				CLANG_WARN_INFINITE_RECURSION = YES;
				CLANG_WARN_INT_CONVERSION = YES;
				CLANG_WARN_OBJC_ROOT_CLASS = YES_ERROR;
				CLANG_WARN_SUSPICIOUS_MOVE = YES;
				CLANG_WARN_UNREACHABLE_CODE = YES;
				CLANG_WARN__DUPLICATE_METHOD_MATCH = YES;
				"CODE_SIGN_IDENTITY[sdk=iphoneos*]" = "iPhone Developer";
				COPY_PHASE_STRIP = NO;
				DEBUG_INFORMATION_FORMAT = "dwarf-with-dsym";
				ENABLE_NS_ASSERTIONS = NO;
				ENABLE_STRICT_OBJC_MSGSEND = YES;
				GCC_C_LANGUAGE_STANDARD = gnu99;
				GCC_NO_COMMON_BLOCKS = YES;
				GCC_WARN_64_TO_32_BIT_CONVERSION = YES;
				GCC_WARN_ABOUT_RETURN_TYPE = YES_ERROR;
				GCC_WARN_UNDECLARED_SELECTOR = YES;
				GCC_WARN_UNINITIALIZED_AUTOS = YES_AGGRESSIVE;
				GCC_WARN_UNUSED_FUNCTION = YES;
				GCC_WARN_UNUSED_VARIABLE = YES;
				IPHONEOS_DEPLOYMENT_TARGET = 10.3;
				MTL_ENABLE_DEBUG_INFO = NO;
				SDKROOT = iphoneos;
				SWIFT_OPTIMIZATION_LEVEL = "-Owholemodule";
				TARGETED_DEVICE_FAMILY = "1,2";
				VALIDATE_PRODUCT = YES;
			};
			name = Release;
		};
		3FCA2FC220AA0CA100C5E2A0 /* Debug */ = {
			isa = XCBuildConfiguration;
			buildSettings = {
				ASSETCATALOG_COMPILER_APPICON_NAME = AppIcon;
				INFOPLIST_FILE = GoA_Interview/Info.plist;
				LD_RUNPATH_SEARCH_PATHS = "$(inherited) @executable_path/Frameworks";
				PRODUCT_BUNDLE_IDENTIFIER = "BronwenMarchant.GoA-Interview";
				PRODUCT_NAME = "$(TARGET_NAME)";
				SWIFT_VERSION = 3.0;
			};
			name = Debug;
		};
		3FCA2FC320AA0CA100C5E2A0 /* Release */ = {
			isa = XCBuildConfiguration;
			buildSettings = {
				ASSETCATALOG_COMPILER_APPICON_NAME = AppIcon;
				INFOPLIST_FILE = GoA_Interview/Info.plist;
				LD_RUNPATH_SEARCH_PATHS = "$(inherited) @executable_path/Frameworks";
				PRODUCT_BUNDLE_IDENTIFIER = "BronwenMarchant.GoA-Interview";
				PRODUCT_NAME = "$(TARGET_NAME)";
				SWIFT_VERSION = 3.0;
			};
			name = Release;
		};
		3FCA2FC520AA0CA100C5E2A0 /* Debug */ = {
			isa = XCBuildConfiguration;
			buildSettings = {
				ALWAYS_EMBED_SWIFT_STANDARD_LIBRARIES = YES;
				BUNDLE_LOADER = "$(TEST_HOST)";
				INFOPLIST_FILE = GoA_InterviewTests/Info.plist;
				LD_RUNPATH_SEARCH_PATHS = "$(inherited) @executable_path/Frameworks @loader_path/Frameworks";
				PRODUCT_BUNDLE_IDENTIFIER = "BronwenMarchant.GoA-InterviewTests";
				PRODUCT_NAME = "$(TARGET_NAME)";
				SWIFT_VERSION = 3.0;
				TEST_HOST = "$(BUILT_PRODUCTS_DIR)/GoA_Interview.app/GoA_Interview";
			};
			name = Debug;
		};
		3FCA2FC620AA0CA100C5E2A0 /* Release */ = {
			isa = XCBuildConfiguration;
			buildSettings = {
				ALWAYS_EMBED_SWIFT_STANDARD_LIBRARIES = YES;
				BUNDLE_LOADER = "$(TEST_HOST)";
				INFOPLIST_FILE = GoA_InterviewTests/Info.plist;
				LD_RUNPATH_SEARCH_PATHS = "$(inherited) @executable_path/Frameworks @loader_path/Frameworks";
				PRODUCT_BUNDLE_IDENTIFIER = "BronwenMarchant.GoA-InterviewTests";
				PRODUCT_NAME = "$(TARGET_NAME)";
				SWIFT_VERSION = 3.0;
				TEST_HOST = "$(BUILT_PRODUCTS_DIR)/GoA_Interview.app/GoA_Interview";
			};
			name = Release;
		};
		3FCA2FC820AA0CA100C5E2A0 /* Debug */ = {
			isa = XCBuildConfiguration;
			buildSettings = {
				ALWAYS_EMBED_SWIFT_STANDARD_LIBRARIES = YES;
				INFOPLIST_FILE = GoA_InterviewUITests/Info.plist;
				LD_RUNPATH_SEARCH_PATHS = "$(inherited) @executable_path/Frameworks @loader_path/Frameworks";
				PRODUCT_BUNDLE_IDENTIFIER = "BronwenMarchant.GoA-InterviewUITests";
				PRODUCT_NAME = "$(TARGET_NAME)";
				SWIFT_VERSION = 3.0;
				TEST_TARGET_NAME = GoA_Interview;
			};
			name = Debug;
		};
		3FCA2FC920AA0CA100C5E2A0 /* Release */ = {
			isa = XCBuildConfiguration;
			buildSettings = {
				ALWAYS_EMBED_SWIFT_STANDARD_LIBRARIES = YES;
				INFOPLIST_FILE = GoA_InterviewUITests/Info.plist;
				LD_RUNPATH_SEARCH_PATHS = "$(inherited) @executable_path/Frameworks @loader_path/Frameworks";
				PRODUCT_BUNDLE_IDENTIFIER = "BronwenMarchant.GoA-InterviewUITests";
				PRODUCT_NAME = "$(TARGET_NAME)";
				SWIFT_VERSION = 3.0;
				TEST_TARGET_NAME = GoA_Interview;
			};
			name = Release;
		};
/* End XCBuildConfiguration section */

/* Begin XCConfigurationList section */
		3FCA2F9120AA0CA100C5E2A0 /* Build configuration list for PBXProject "GoA_Interview" */ = {
			isa = XCConfigurationList;
			buildConfigurations = (
				3FCA2FBF20AA0CA100C5E2A0 /* Debug */,
				3FCA2FC020AA0CA100C5E2A0 /* Release */,
			);
			defaultConfigurationIsVisible = 0;
			defaultConfigurationName = Release;
		};
		3FCA2FC120AA0CA100C5E2A0 /* Build configuration list for PBXNativeTarget "GoA_Interview" */ = {
			isa = XCConfigurationList;
			buildConfigurations = (
				3FCA2FC220AA0CA100C5E2A0 /* Debug */,
				3FCA2FC320AA0CA100C5E2A0 /* Release */,
			);
			defaultConfigurationIsVisible = 0;
		};
		3FCA2FC420AA0CA100C5E2A0 /* Build configuration list for PBXNativeTarget "GoA_InterviewTests" */ = {
			isa = XCConfigurationList;
			buildConfigurations = (
				3FCA2FC520AA0CA100C5E2A0 /* Debug */,
				3FCA2FC620AA0CA100C5E2A0 /* Release */,
			);
			defaultConfigurationIsVisible = 0;
		};
		3FCA2FC720AA0CA100C5E2A0 /* Build configuration list for PBXNativeTarget "GoA_InterviewUITests" */ = {
			isa = XCConfigurationList;
			buildConfigurations = (
				3FCA2FC820AA0CA100C5E2A0 /* Debug */,
				3FCA2FC920AA0CA100C5E2A0 /* Release */,
			);
			defaultConfigurationIsVisible = 0;
		};
/* End XCConfigurationList section */

/* Begin XCVersionGroup section */
		3FCA2FA020AA0CA100C5E2A0 /* GoA_Interview.xcdatamodeld */ = {
			isa = XCVersionGroup;
			children = (
				3FCA2FA120AA0CA100C5E2A0 /* GoA_Interview.xcdatamodel */,
			);
			currentVersion = 3FCA2FA120AA0CA100C5E2A0 /* GoA_Interview.xcdatamodel */;
			path = GoA_Interview.xcdatamodeld;
			sourceTree = "<group>";
			versionGroupType = wrapper.xcdatamodel;
		};
/* End XCVersionGroup section */
	};
	rootObject = 3FCA2F8E20AA0CA100C5E2A0 /* Project object */;
}
